// !$*UTF8*$!
{
	archiveVersion = 1;
	classes = {
	};
	objectVersion = 46;
	objects = {

/* Begin PBXBuildFile section */
		D1AAB2651C12846B009658FF /* AppDelegate.swift in Sources */ = {isa = PBXBuildFile; fileRef = D1AAB2641C12846B009658FF /* AppDelegate.swift */; };
		D1AAB2671C12846B009658FF /* ViewController.swift in Sources */ = {isa = PBXBuildFile; fileRef = D1AAB2661C12846B009658FF /* ViewController.swift */; };
		D1AAB26A1C12846B009658FF /* Main.storyboard in Resources */ = {isa = PBXBuildFile; fileRef = D1AAB2681C12846B009658FF /* Main.storyboard */; };
		D1AAB26C1C12846B009658FF /* Assets.xcassets in Resources */ = {isa = PBXBuildFile; fileRef = D1AAB26B1C12846B009658FF /* Assets.xcassets */; };
		D1AAB26F1C12846B009658FF /* LaunchScreen.storyboard in Resources */ = {isa = PBXBuildFile; fileRef = D1AAB26D1C12846B009658FF /* LaunchScreen.storyboard */; };
		D1AAB27C1C128487009658FF /* 1.wav in Resources */ = {isa = PBXBuildFile; fileRef = D1AAB2761C128487009658FF /* 1.wav */; };
		D1AAB27D1C128487009658FF /* 2.wav in Resources */ = {isa = PBXBuildFile; fileRef = D1AAB2771C128487009658FF /* 2.wav */; };
		D1AAB27E1C128487009658FF /* 3.wav in Resources */ = {isa = PBXBuildFile; fileRef = D1AAB2781C128487009658FF /* 3.wav */; };
		D1AAB27F1C128487009658FF /* 4.wav in Resources */ = {isa = PBXBuildFile; fileRef = D1AAB2791C128487009658FF /* 4.wav */; };
		D1AAB2801C128487009658FF /* 5.wav in Resources */ = {isa = PBXBuildFile; fileRef = D1AAB27A1C128487009658FF /* 5.wav */; };
		D1AAB2811C128487009658FF /* 6.wav in Resources */ = {isa = PBXBuildFile; fileRef = D1AAB27B1C128487009658FF /* 6.wav */; };
/* End PBXBuildFile section */

/* Begin PBXFileReference section */
		D1AAB2611C12846B009658FF /* Zoo.app */ = {isa = PBXFileReference; explicitFileType = wrapper.application; includeInIndex = 0; path = Zoo.app; sourceTree = BUILT_PRODUCTS_DIR; };
		D1AAB2641C12846B009658FF /* AppDelegate.swift */ = {isa = PBXFileReference; lastKnownFileType = sourcecode.swift; path = AppDelegate.swift; sourceTree = "<group>"; };
		D1AAB2661C12846B009658FF /* ViewController.swift */ = {isa = PBXFileReference; lastKnownFileType = sourcecode.swift; path = ViewController.swift; sourceTree = "<group>"; };
		D1AAB2691C12846B009658FF /* Base */ = {isa = PBXFileReference; lastKnownFileType = file.storyboard; name = Base; path = Base.lproj/Main.storyboard; sourceTree = "<group>"; };
		D1AAB26B1C12846B009658FF /* Assets.xcassets */ = {isa = PBXFileReference; lastKnownFileType = folder.assetcatalog; path = Assets.xcassets; sourceTree = "<group>"; };
		D1AAB26E1C12846B009658FF /* Base */ = {isa = PBXFileReference; lastKnownFileType = file.storyboard; name = Base; path = Base.lproj/LaunchScreen.storyboard; sourceTree = "<group>"; };
		D1AAB2701C12846B009658FF /* Info.plist */ = {isa = PBXFileReference; lastKnownFileType = text.plist.xml; path = Info.plist; sourceTree = "<group>"; };
		D1AAB2761C128487009658FF /* 1.wav */ = {isa = PBXFileReference; lastKnownFileType = audio.wav; path = 1.wav; sourceTree = "<group>"; };
		D1AAB2771C128487009658FF /* 2.wav */ = {isa = PBXFileReference; lastKnownFileType = audio.wav; path = 2.wav; sourceTree = "<group>"; };
		D1AAB2781C128487009658FF /* 3.wav */ = {isa = PBXFileReference; lastKnownFileType = audio.wav; path = 3.wav; sourceTree = "<group>"; };
		D1AAB2791C128487009658FF /* 4.wav */ = {isa = PBXFileReference; lastKnownFileType = audio.wav; path = 4.wav; sourceTree = "<group>"; };
		D1AAB27A1C128487009658FF /* 5.wav */ = {isa = PBXFileReference; lastKnownFileType = audio.wav; path = 5.wav; sourceTree = "<group>"; };
		D1AAB27B1C128487009658FF /* 6.wav */ = {isa = PBXFileReference; lastKnownFileType = audio.wav; path = 6.wav; sourceTree = "<group>"; };
/* End PBXFileReference section */

/* Begin PBXFrameworksBuildPhase section */
		D1AAB25E1C12846B009658FF /* Frameworks */ = {
			isa = PBXFrameworksBuildPhase;
			buildActionMask = 2147483647;
			files = (
			);
			runOnlyForDeploymentPostprocessing = 0;
		};
/* End PBXFrameworksBuildPhase section */

/* Begin PBXGroup section */
		D1AAB2581C12846B009658FF = {
			isa = PBXGroup;
			children = (
				D1AAB2631C12846B009658FF /* Zoo */,
				D1AAB2621C12846B009658FF /* Products */,
			);
			sourceTree = "<group>";
		};
		D1AAB2621C12846B009658FF /* Products */ = {
			isa = PBXGroup;
			children = (
				D1AAB2611C12846B009658FF /* Zoo.app */,
			);
			name = Products;
			sourceTree = "<group>";
		};
		D1AAB2631C12846B009658FF /* Zoo */ = {
			isa = PBXGroup;
			children = (
				D1AAB2761C128487009658FF /* 1.wav */,
				D1AAB2771C128487009658FF /* 2.wav */,
				D1AAB2781C128487009658FF /* 3.wav */,
				D1AAB2791C128487009658FF /* 4.wav */,
				D1AAB27A1C128487009658FF /* 5.wav */,
				D1AAB27B1C128487009658FF /* 6.wav */,
				D1AAB2641C12846B009658FF /* AppDelegate.swift */,
				D1AAB2661C12846B009658FF /* ViewController.swift */,
				D1AAB2681C12846B009658FF /* Main.storyboard */,
				D1AAB26B1C12846B009658FF /* Assets.xcassets */,
				D1AAB26D1C12846B009658FF /* LaunchScreen.storyboard */,
				D1AAB2701C12846B009658FF /* Info.plist */,
			);
			path = Zoo;
			sourceTree = "<group>";
		};
/* End PBXGroup section */

/* Begin PBXNativeTarget section */
		D1AAB2601C12846B009658FF /* Zoo */ = {
			isa = PBXNativeTarget;
			buildConfigurationList = D1AAB2731C12846B009658FF /* Build configuration list for PBXNativeTarget "Zoo" */;
			buildPhases = (
				D1AAB25D1C12846B009658FF /* Sources */,
				D1AAB25E1C12846B009658FF /* Frameworks */,
				D1AAB25F1C12846B009658FF /* Resources */,
			);
			buildRules = (
			);
			dependencies = (
			);
			name = Zoo;
			productName = Zoo;
			productReference = D1AAB2611C12846B009658FF /* Zoo.app */;
			productType = "com.apple.product-type.application";
		};
/* End PBXNativeTarget section */

/* Begin PBXProject section */
		D1AAB2591C12846B009658FF /* Project object */ = {
			isa = PBXProject;
			attributes = {
				LastSwiftUpdateCheck = 0710;
				LastUpgradeCheck = 0710;
				ORGANIZATIONNAME = "張 景隆";
				TargetAttributes = {
					D1AAB2601C12846B009658FF = {
						CreatedOnToolsVersion = 7.1.1;
					};
				};
			};
			buildConfigurationList = D1AAB25C1C12846B009658FF /* Build configuration list for PBXProject "Zoo" */;
			compatibilityVersion = "Xcode 3.2";
			developmentRegion = English;
			hasScannedForEncodings = 0;
			knownRegions = (
				en,
				Base,
			);
			mainGroup = D1AAB2581C12846B009658FF;
			productRefGroup = D1AAB2621C12846B009658FF /* Products */;
			projectDirPath = "";
			projectRoot = "";
			targets = (
				D1AAB2601C12846B009658FF /* Zoo */,
			);
		};
/* End PBXProject section */

/* Begin PBXResourcesBuildPhase section */
		D1AAB25F1C12846B009658FF /* Resources */ = {
			isa = PBXResourcesBuildPhase;
			buildActionMask = 2147483647;
			files = (
				D1AAB27E1C128487009658FF /* 3.wav in Resources */,
				D1AAB26F1C12846B009658FF /* LaunchScreen.storyboard in Resources */,
				D1AAB26C1C12846B009658FF /* Assets.xcassets in Resources */,
				D1AAB27F1C128487009658FF /* 4.wav in Resources */,
				D1AAB27C1C128487009658FF /* 1.wav in Resources */,
				D1AAB27D1C128487009658FF /* 2.wav in Resources */,
				D1AAB2811C128487009658FF /* 6.wav in Resources */,
				D1AAB2801C128487009658FF /* 5.wav in Resources */,
				D1AAB26A1C12846B009658FF /* Main.storyboard in Resources */,
			);
			runOnlyForDeploymentPostprocessing = 0;
		};
/* End PBXResourcesBuildPhase section */

/* Begin PBXSourcesBuildPhase section */
		D1AAB25D1C12846B009658FF /* Sources */ = {
			isa = PBXSourcesBuildPhase;
			buildActionMask = 2147483647;
			files = (
				D1AAB2671C12846B009658FF /* ViewController.swift in Sources */,
				D1AAB2651C12846B009658FF /* AppDelegate.swift in Sources */,
			);
			runOnlyForDeploymentPostprocessing = 0;
		};
/* End PBXSourcesBuildPhase section */

/* Begin PBXVariantGroup section */
		D1AAB2681C12846B009658FF /* Main.storyboard */ = {
			isa = PBXVariantGroup;
			children = (
				D1AAB2691C12846B009658FF /* Base */,
			);
			name = Main.storyboard;
			sourceTree = "<group>";
		};
		D1AAB26D1C12846B009658FF /* LaunchScreen.storyboard */ = {
			isa = PBXVariantGroup;
			children = (
				D1AAB26E1C12846B009658FF /* Base */,
			);
			name = LaunchScreen.storyboard;
			sourceTree = "<group>";
		};
/* End PBXVariantGroup section */

/* Begin XCBuildConfiguration section */
		D1AAB2711C12846B009658FF /* Debug */ = {
			isa = XCBuildConfiguration;
			buildSettings = {
				ALWAYS_SEARCH_USER_PATHS = NO;
				CLANG_CXX_LANGUAGE_STANDARD = "gnu++0x";
				CLANG_CXX_LIBRARY = "libc++";
				CLANG_ENABLE_MODULES = YES;
				CLANG_ENABLE_OBJC_ARC = YES;
				CLANG_WARN_BOOL_CONVERSION = YES;
				CLANG_WARN_CONSTANT_CONVERSION = YES;
				CLANG_WARN_DIRECT_OBJC_ISA_USAGE = YES_ERROR;
				CLANG_WARN_EMPTY_BODY = YES;
				CLANG_WARN_ENUM_CONVERSION = YES;
				CLANG_WARN_INT_CONVERSION = YES;
				CLANG_WARN_OBJC_ROOT_CLASS = YES_ERROR;
				CLANG_WARN_UNREACHABLE_CODE = YES;
				CLANG_WARN__DUPLICATE_METHOD_MATCH = YES;
				"CODE_SIGN_IDENTITY[sdk=iphoneos*]" = "iPhone Developer";
				COPY_PHASE_STRIP = NO;
				DEBUG_INFORMATION_FORMAT = dwarf;
				ENABLE_STRICT_OBJC_MSGSEND = YES;
				ENABLE_TESTABILITY = YES;
				GCC_C_LANGUAGE_STANDARD = gnu99;
				GCC_DYNAMIC_NO_PIC = NO;
				GCC_NO_COMMON_BLOCKS = YES;
				GCC_OPTIMIZATION_LEVEL = 0;
				GCC_PREPROCESSOR_DEFINITIONS = (
					"DEBUG=1",
					"$(inherited)",
				);
				GCC_WARN_64_TO_32_BIT_CONVERSION = YES;
				GCC_WARN_ABOUT_RETURN_TYPE = YES_ERROR;
				GCC_WARN_UNDECLARED_SELECTOR = YES;
				GCC_WARN_UNINITIALIZED_AUTOS = YES_AGGRESSIVE;
				GCC_WARN_UNUSED_FUNCTION = YES;
				GCC_WARN_UNUSED_VARIABLE = YES;
				IPHONEOS_DEPLOYMENT_TARGET = 9.1;
				MTL_ENABLE_DEBUG_INFO = YES;
				ONLY_ACTIVE_ARCH = YES;
				SDKROOT = iphoneos;
				SWIFT_OPTIMIZATION_LEVEL = "-Onone";
			};
			name = Debug;
		};
		D1AAB2721C12846B009658FF /* Release */ = {
			isa = XCBuildConfiguration;
			buildSettings = {
				ALWAYS_SEARCH_USER_PATHS = NO;
				CLANG_CXX_LANGUAGE_STANDARD = "gnu++0x";
				CLANG_CXX_LIBRARY = "libc++";
				CLANG_ENABLE_MODULES = YES;
				CLANG_ENABLE_OBJC_ARC = YES;
				CLANG_WARN_BOOL_CONVERSION = YES;
				CLANG_WARN_CONSTANT_CONVERSION = YES;
				CLANG_WARN_DIRECT_OBJC_ISA_USAGE = YES_ERROR;
				CLANG_WARN_EMPTY_BODY = YES;
				CLANG_WARN_ENUM_CONVERSION = YES;
				CLANG_WARN_INT_CONVERSION = YES;
				CLANG_WARN_OBJC_ROOT_CLASS = YES_ERROR;
				CLANG_WARN_UNREACHABLE_CODE = YES;
				CLANG_WARN__DUPLICATE_METHOD_MATCH = YES;
				"CODE_SIGN_IDENTITY[sdk=iphoneos*]" = "iPhone Developer";
				COPY_PHASE_STRIP = NO;
				DEBUG_INFORMATION_FORMAT = "dwarf-with-dsym";
				ENABLE_NS_ASSERTIONS = NO;
				ENABLE_STRICT_OBJC_MSGSEND = YES;
				GCC_C_LANGUAGE_STANDARD = gnu99;
				GCC_NO_COMMON_BLOCKS = YES;
				GCC_WARN_64_TO_32_BIT_CONVERSION = YES;
				GCC_WARN_ABOUT_RETURN_TYPE = YES_ERROR;
				GCC_WARN_UNDECLARED_SELECTOR = YES;
				GCC_WARN_UNINITIALIZED_AUTOS = YES_AGGRESSIVE;
				GCC_WARN_UNUSED_FUNCTION = YES;
				GCC_WARN_UNUSED_VARIABLE = YES;
				IPHONEOS_DEPLOYMENT_TARGET = 9.1;
				MTL_ENABLE_DEBUG_INFO = NO;
				SDKROOT = iphoneos;
				VALIDATE_PRODUCT = YES;
			};
			name = Release;
		};
		D1AAB2741C12846B009658FF /* Debug */ = {
			isa = XCBuildConfiguration;
			buildSettings = {
				ASSETCATALOG_COMPILER_APPICON_NAME = AppIcon;
				INFOPLIST_FILE = Zoo/Info.plist;
				LD_RUNPATH_SEARCH_PATHS = "$(inherited) @executable_path/Frameworks";
				PRODUCT_BUNDLE_IDENTIFIER = com.anvapp.Zoo;
				PRODUCT_NAME = "$(TARGET_NAME)";
			};
			name = Debug;
		};
		D1AAB2751C12846B009658FF /* Release */ = {
			isa = XCBuildConfiguration;
			buildSettings = {
				ASSETCATALOG_COMPILER_APPICON_NAME = AppIcon;
				INFOPLIST_FILE = Zoo/Info.plist;
				LD_RUNPATH_SEARCH_PATHS = "$(inherited) @executable_path/Frameworks";
				PRODUCT_BUNDLE_IDENTIFIER = com.anvapp.Zoo;
				PRODUCT_NAME = "$(TARGET_NAME)";
			};
			name = Release;
		};
/* End XCBuildConfiguration section */

/* Begin XCConfigurationList section */
		D1AAB25C1C12846B009658FF /* Build configuration list for PBXProject "Zoo" */ = {
			isa = XCConfigurationList;
			buildConfigurations = (
				D1AAB2711C12846B009658FF /* Debug */,
				D1AAB2721C12846B009658FF /* Release */,
			);
			defaultConfigurationIsVisible = 0;
			defaultConfigurationName = Release;
		};
		D1AAB2731C12846B009658FF /* Build configuration list for PBXNativeTarget "Zoo" */ = {
			isa = XCConfigurationList;
			buildConfigurations = (
				D1AAB2741C12846B009658FF /* Debug */,
				D1AAB2751C12846B009658FF /* Release */,
			);
			defaultConfigurationIsVisible = 0;
		};
/* End XCConfigurationList section */
	};
	rootObject = D1AAB2591C12846B009658FF /* Project object */;
}
