// !$*UTF8*$!
{
	archiveVersion = 1;
	classes = {
	};
	objectVersion = 46;
	objects = {

/* Begin PBXBuildFile section */
		D10882191BF70523004538A6 /* AppDelegate.swift in Sources */ = {isa = PBXBuildFile; fileRef = D10882181BF70523004538A6 /* AppDelegate.swift */; };
		D108821B1BF70523004538A6 /* ViewController.swift in Sources */ = {isa = PBXBuildFile; fileRef = D108821A1BF70523004538A6 /* ViewController.swift */; };
		D108821E1BF70523004538A6 /* Main.storyboard in Resources */ = {isa = PBXBuildFile; fileRef = D108821C1BF70523004538A6 /* Main.storyboard */; };
		D10882211BF70523004538A6 /* TodoSwift2.xcdatamodeld in Sources */ = {isa = PBXBuildFile; fileRef = D108821F1BF70523004538A6 /* TodoSwift2.xcdatamodeld */; };
		D10882231BF70523004538A6 /* Assets.xcassets in Resources */ = {isa = PBXBuildFile; fileRef = D10882221BF70523004538A6 /* Assets.xcassets */; };
		D10882261BF70523004538A6 /* LaunchScreen.storyboard in Resources */ = {isa = PBXBuildFile; fileRef = D10882241BF70523004538A6 /* LaunchScreen.storyboard */; };
		D108822E1BF71E7E004538A6 /* NewViewController.swift in Sources */ = {isa = PBXBuildFile; fileRef = D108822D1BF71E7E004538A6 /* NewViewController.swift */; };
		D10882321BF72204004538A6 /* UIViewController+Extensions.swift in Sources */ = {isa = PBXBuildFile; fileRef = D10882311BF72204004538A6 /* UIViewController+Extensions.swift */; };
		D10882351BF723EA004538A6 /* TodoItem+CoreDataProperties.swift in Sources */ = {isa = PBXBuildFile; fileRef = D10882331BF723EA004538A6 /* TodoItem+CoreDataProperties.swift */; };
		D10882361BF723EA004538A6 /* TodoItem.swift in Sources */ = {isa = PBXBuildFile; fileRef = D10882341BF723EA004538A6 /* TodoItem.swift */; };
		D10882391BF738C0004538A6 /* EditViewController.swift in Sources */ = {isa = PBXBuildFile; fileRef = D10882381BF738C0004538A6 /* EditViewController.swift */; };
/* End PBXBuildFile section */

/* Begin PBXFileReference section */
		D10882151BF70523004538A6 /* TodoSwift2.app */ = {isa = PBXFileReference; explicitFileType = wrapper.application; includeInIndex = 0; path = TodoSwift2.app; sourceTree = BUILT_PRODUCTS_DIR; };
		D10882181BF70523004538A6 /* AppDelegate.swift */ = {isa = PBXFileReference; lastKnownFileType = sourcecode.swift; path = AppDelegate.swift; sourceTree = "<group>"; };
		D108821A1BF70523004538A6 /* ViewController.swift */ = {isa = PBXFileReference; lastKnownFileType = sourcecode.swift; path = ViewController.swift; sourceTree = "<group>"; };
		D108821D1BF70523004538A6 /* Base */ = {isa = PBXFileReference; lastKnownFileType = file.storyboard; name = Base; path = Base.lproj/Main.storyboard; sourceTree = "<group>"; };
		D10882201BF70523004538A6 /* TodoSwift2.xcdatamodel */ = {isa = PBXFileReference; lastKnownFileType = wrapper.xcdatamodel; path = TodoSwift2.xcdatamodel; sourceTree = "<group>"; };
		D10882221BF70523004538A6 /* Assets.xcassets */ = {isa = PBXFileReference; lastKnownFileType = folder.assetcatalog; path = Assets.xcassets; sourceTree = "<group>"; };
		D10882251BF70523004538A6 /* Base */ = {isa = PBXFileReference; lastKnownFileType = file.storyboard; name = Base; path = Base.lproj/LaunchScreen.storyboard; sourceTree = "<group>"; };
		D10882271BF70523004538A6 /* Info.plist */ = {isa = PBXFileReference; lastKnownFileType = text.plist.xml; path = Info.plist; sourceTree = "<group>"; };
		D108822D1BF71E7E004538A6 /* NewViewController.swift */ = {isa = PBXFileReference; fileEncoding = 4; lastKnownFileType = sourcecode.swift; path = NewViewController.swift; sourceTree = "<group>"; };
		D10882311BF72204004538A6 /* UIViewController+Extensions.swift */ = {isa = PBXFileReference; fileEncoding = 4; lastKnownFileType = sourcecode.swift; path = "UIViewController+Extensions.swift"; sourceTree = "<group>"; };
		D10882331BF723EA004538A6 /* TodoItem+CoreDataProperties.swift */ = {isa = PBXFileReference; fileEncoding = 4; lastKnownFileType = sourcecode.swift; path = "TodoItem+CoreDataProperties.swift"; sourceTree = "<group>"; };
		D10882341BF723EA004538A6 /* TodoItem.swift */ = {isa = PBXFileReference; fileEncoding = 4; lastKnownFileType = sourcecode.swift; path = TodoItem.swift; sourceTree = "<group>"; };
		D10882381BF738C0004538A6 /* EditViewController.swift */ = {isa = PBXFileReference; fileEncoding = 4; lastKnownFileType = sourcecode.swift; path = EditViewController.swift; sourceTree = "<group>"; };
/* End PBXFileReference section */

/* Begin PBXFrameworksBuildPhase section */
		D10882121BF70523004538A6 /* Frameworks */ = {
			isa = PBXFrameworksBuildPhase;
			buildActionMask = 2147483647;
			files = (
			);
			runOnlyForDeploymentPostprocessing = 0;
		};
/* End PBXFrameworksBuildPhase section */

/* Begin PBXGroup section */
		D108820C1BF70523004538A6 = {
			isa = PBXGroup;
			children = (
				D10882171BF70523004538A6 /* TodoSwift2 */,
				D10882161BF70523004538A6 /* Products */,
			);
			sourceTree = "<group>";
		};
		D10882161BF70523004538A6 /* Products */ = {
			isa = PBXGroup;
			children = (
				D10882151BF70523004538A6 /* TodoSwift2.app */,
			);
			name = Products;
			sourceTree = "<group>";
		};
		D10882171BF70523004538A6 /* TodoSwift2 */ = {
			isa = PBXGroup;
			children = (
				D10882371BF723F0004538A6 /* Data */,
				D10882311BF72204004538A6 /* UIViewController+Extensions.swift */,
				D108822D1BF71E7E004538A6 /* NewViewController.swift */,
				D10882381BF738C0004538A6 /* EditViewController.swift */,
				D10882181BF70523004538A6 /* AppDelegate.swift */,
				D108821A1BF70523004538A6 /* ViewController.swift */,
				D108821C1BF70523004538A6 /* Main.storyboard */,
				D10882221BF70523004538A6 /* Assets.xcassets */,
				D10882241BF70523004538A6 /* LaunchScreen.storyboard */,
				D10882271BF70523004538A6 /* Info.plist */,
				D108821F1BF70523004538A6 /* TodoSwift2.xcdatamodeld */,
			);
			path = TodoSwift2;
			sourceTree = "<group>";
		};
		D10882371BF723F0004538A6 /* Data */ = {
			isa = PBXGroup;
			children = (
				D10882331BF723EA004538A6 /* TodoItem+CoreDataProperties.swift */,
				D10882341BF723EA004538A6 /* TodoItem.swift */,
			);
			name = Data;
			sourceTree = "<group>";
		};
/* End PBXGroup section */

/* Begin PBXNativeTarget section */
		D10882141BF70523004538A6 /* TodoSwift2 */ = {
			isa = PBXNativeTarget;
			buildConfigurationList = D108822A1BF70523004538A6 /* Build configuration list for PBXNativeTarget "TodoSwift2" */;
			buildPhases = (
				D10882111BF70523004538A6 /* Sources */,
				D10882121BF70523004538A6 /* Frameworks */,
				D10882131BF70523004538A6 /* Resources */,
			);
			buildRules = (
			);
			dependencies = (
			);
			name = TodoSwift2;
			productName = TodoSwift2;
			productReference = D10882151BF70523004538A6 /* TodoSwift2.app */;
			productType = "com.apple.product-type.application";
		};
/* End PBXNativeTarget section */

/* Begin PBXProject section */
		D108820D1BF70523004538A6 /* Project object */ = {
			isa = PBXProject;
			attributes = {
				LastSwiftUpdateCheck = 0710;
				LastUpgradeCheck = 0710;
				ORGANIZATIONNAME = "張 景隆";
				TargetAttributes = {
					D10882141BF70523004538A6 = {
						CreatedOnToolsVersion = 7.1.1;
					};
				};
			};
			buildConfigurationList = D10882101BF70523004538A6 /* Build configuration list for PBXProject "TodoSwift2" */;
			compatibilityVersion = "Xcode 3.2";
			developmentRegion = English;
			hasScannedForEncodings = 0;
			knownRegions = (
				en,
				Base,
			);
			mainGroup = D108820C1BF70523004538A6;
			productRefGroup = D10882161BF70523004538A6 /* Products */;
			projectDirPath = "";
			projectRoot = "";
			targets = (
				D10882141BF70523004538A6 /* TodoSwift2 */,
			);
		};
/* End PBXProject section */

/* Begin PBXResourcesBuildPhase section */
		D10882131BF70523004538A6 /* Resources */ = {
			isa = PBXResourcesBuildPhase;
			buildActionMask = 2147483647;
			files = (
				D10882261BF70523004538A6 /* LaunchScreen.storyboard in Resources */,
				D10882231BF70523004538A6 /* Assets.xcassets in Resources */,
				D108821E1BF70523004538A6 /* Main.storyboard in Resources */,
			);
			runOnlyForDeploymentPostprocessing = 0;
		};
/* End PBXResourcesBuildPhase section */

/* Begin PBXSourcesBuildPhase section */
		D10882111BF70523004538A6 /* Sources */ = {
			isa = PBXSourcesBuildPhase;
			buildActionMask = 2147483647;
			files = (
				D10882391BF738C0004538A6 /* EditViewController.swift in Sources */,
				D10882361BF723EA004538A6 /* TodoItem.swift in Sources */,
				D108821B1BF70523004538A6 /* ViewController.swift in Sources */,
				D10882211BF70523004538A6 /* TodoSwift2.xcdatamodeld in Sources */,
				D10882321BF72204004538A6 /* UIViewController+Extensions.swift in Sources */,
				D10882191BF70523004538A6 /* AppDelegate.swift in Sources */,
				D10882351BF723EA004538A6 /* TodoItem+CoreDataProperties.swift in Sources */,
				D108822E1BF71E7E004538A6 /* NewViewController.swift in Sources */,
			);
			runOnlyForDeploymentPostprocessing = 0;
		};
/* End PBXSourcesBuildPhase section */

/* Begin PBXVariantGroup section */
		D108821C1BF70523004538A6 /* Main.storyboard */ = {
			isa = PBXVariantGroup;
			children = (
				D108821D1BF70523004538A6 /* Base */,
			);
			name = Main.storyboard;
			sourceTree = "<group>";
		};
		D10882241BF70523004538A6 /* LaunchScreen.storyboard */ = {
			isa = PBXVariantGroup;
			children = (
				D10882251BF70523004538A6 /* Base */,
			);
			name = LaunchScreen.storyboard;
			sourceTree = "<group>";
		};
/* End PBXVariantGroup section */

/* Begin XCBuildConfiguration section */
		D10882281BF70523004538A6 /* Debug */ = {
			isa = XCBuildConfiguration;
			buildSettings = {
				ALWAYS_SEARCH_USER_PATHS = NO;
				CLANG_CXX_LANGUAGE_STANDARD = "gnu++0x";
				CLANG_CXX_LIBRARY = "libc++";
				CLANG_ENABLE_MODULES = YES;
				CLANG_ENABLE_OBJC_ARC = YES;
				CLANG_WARN_BOOL_CONVERSION = YES;
				CLANG_WARN_CONSTANT_CONVERSION = YES;
				CLANG_WARN_DIRECT_OBJC_ISA_USAGE = YES_ERROR;
				CLANG_WARN_EMPTY_BODY = YES;
				CLANG_WARN_ENUM_CONVERSION = YES;
				CLANG_WARN_INT_CONVERSION = YES;
				CLANG_WARN_OBJC_ROOT_CLASS = YES_ERROR;
				CLANG_WARN_UNREACHABLE_CODE = YES;
				CLANG_WARN__DUPLICATE_METHOD_MATCH = YES;
				"CODE_SIGN_IDENTITY[sdk=iphoneos*]" = "iPhone Developer";
				COPY_PHASE_STRIP = NO;
				DEBUG_INFORMATION_FORMAT = dwarf;
				ENABLE_STRICT_OBJC_MSGSEND = YES;
				ENABLE_TESTABILITY = YES;
				GCC_C_LANGUAGE_STANDARD = gnu99;
				GCC_DYNAMIC_NO_PIC = NO;
				GCC_NO_COMMON_BLOCKS = YES;
				GCC_OPTIMIZATION_LEVEL = 0;
				GCC_PREPROCESSOR_DEFINITIONS = (
					"DEBUG=1",
					"$(inherited)",
				);
				GCC_WARN_64_TO_32_BIT_CONVERSION = YES;
				GCC_WARN_ABOUT_RETURN_TYPE = YES_ERROR;
				GCC_WARN_UNDECLARED_SELECTOR = YES;
				GCC_WARN_UNINITIALIZED_AUTOS = YES_AGGRESSIVE;
				GCC_WARN_UNUSED_FUNCTION = YES;
				GCC_WARN_UNUSED_VARIABLE = YES;
				IPHONEOS_DEPLOYMENT_TARGET = 9.1;
				MTL_ENABLE_DEBUG_INFO = YES;
				ONLY_ACTIVE_ARCH = YES;
				SDKROOT = iphoneos;
				SWIFT_OPTIMIZATION_LEVEL = "-Onone";
			};
			name = Debug;
		};
		D10882291BF70523004538A6 /* Release */ = {
			isa = XCBuildConfiguration;
			buildSettings = {
				ALWAYS_SEARCH_USER_PATHS = NO;
				CLANG_CXX_LANGUAGE_STANDARD = "gnu++0x";
				CLANG_CXX_LIBRARY = "libc++";
				CLANG_ENABLE_MODULES = YES;
				CLANG_ENABLE_OBJC_ARC = YES;
				CLANG_WARN_BOOL_CONVERSION = YES;
				CLANG_WARN_CONSTANT_CONVERSION = YES;
				CLANG_WARN_DIRECT_OBJC_ISA_USAGE = YES_ERROR;
				CLANG_WARN_EMPTY_BODY = YES;
				CLANG_WARN_ENUM_CONVERSION = YES;
				CLANG_WARN_INT_CONVERSION = YES;
				CLANG_WARN_OBJC_ROOT_CLASS = YES_ERROR;
				CLANG_WARN_UNREACHABLE_CODE = YES;
				CLANG_WARN__DUPLICATE_METHOD_MATCH = YES;
				"CODE_SIGN_IDENTITY[sdk=iphoneos*]" = "iPhone Developer";
				COPY_PHASE_STRIP = NO;
				DEBUG_INFORMATION_FORMAT = "dwarf-with-dsym";
				ENABLE_NS_ASSERTIONS = NO;
				ENABLE_STRICT_OBJC_MSGSEND = YES;
				GCC_C_LANGUAGE_STANDARD = gnu99;
				GCC_NO_COMMON_BLOCKS = YES;
				GCC_WARN_64_TO_32_BIT_CONVERSION = YES;
				GCC_WARN_ABOUT_RETURN_TYPE = YES_ERROR;
				GCC_WARN_UNDECLARED_SELECTOR = YES;
				GCC_WARN_UNINITIALIZED_AUTOS = YES_AGGRESSIVE;
				GCC_WARN_UNUSED_FUNCTION = YES;
				GCC_WARN_UNUSED_VARIABLE = YES;
				IPHONEOS_DEPLOYMENT_TARGET = 9.1;
				MTL_ENABLE_DEBUG_INFO = NO;
				SDKROOT = iphoneos;
				VALIDATE_PRODUCT = YES;
			};
			name = Release;
		};
		D108822B1BF70523004538A6 /* Debug */ = {
			isa = XCBuildConfiguration;
			buildSettings = {
				ASSETCATALOG_COMPILER_APPICON_NAME = AppIcon;
				INFOPLIST_FILE = TodoSwift2/Info.plist;
				LD_RUNPATH_SEARCH_PATHS = "$(inherited) @executable_path/Frameworks";
				PRODUCT_BUNDLE_IDENTIFIER = com.anvapp.TodoSwift2;
				PRODUCT_NAME = "$(TARGET_NAME)";
			};
			name = Debug;
		};
		D108822C1BF70523004538A6 /* Release */ = {
			isa = XCBuildConfiguration;
			buildSettings = {
				ASSETCATALOG_COMPILER_APPICON_NAME = AppIcon;
				INFOPLIST_FILE = TodoSwift2/Info.plist;
				LD_RUNPATH_SEARCH_PATHS = "$(inherited) @executable_path/Frameworks";
				PRODUCT_BUNDLE_IDENTIFIER = com.anvapp.TodoSwift2;
				PRODUCT_NAME = "$(TARGET_NAME)";
			};
			name = Release;
		};
/* End XCBuildConfiguration section */

/* Begin XCConfigurationList section */
		D10882101BF70523004538A6 /* Build configuration list for PBXProject "TodoSwift2" */ = {
			isa = XCConfigurationList;
			buildConfigurations = (
				D10882281BF70523004538A6 /* Debug */,
				D10882291BF70523004538A6 /* Release */,
			);
			defaultConfigurationIsVisible = 0;
			defaultConfigurationName = Release;
		};
		D108822A1BF70523004538A6 /* Build configuration list for PBXNativeTarget "TodoSwift2" */ = {
			isa = XCConfigurationList;
			buildConfigurations = (
				D108822B1BF70523004538A6 /* Debug */,
				D108822C1BF70523004538A6 /* Release */,
			);
			defaultConfigurationIsVisible = 0;
		};
/* End XCConfigurationList section */

/* Begin XCVersionGroup section */
		D108821F1BF70523004538A6 /* TodoSwift2.xcdatamodeld */ = {
			isa = XCVersionGroup;
			children = (
				D10882201BF70523004538A6 /* TodoSwift2.xcdatamodel */,
			);
			currentVersion = D10882201BF70523004538A6 /* TodoSwift2.xcdatamodel */;
			path = TodoSwift2.xcdatamodeld;
			sourceTree = "<group>";
			versionGroupType = wrapper.xcdatamodel;
		};
/* End XCVersionGroup section */
	};
	rootObject = D108820D1BF70523004538A6 /* Project object */;
}
