// !$*UTF8*$!
{
	archiveVersion = 1;
	classes = {
	};
	objectVersion = 46;
	objects = {

/* Begin PBXBuildFile section */
		D18E323F1C23F9B3003F4D50 /* AppDelegate.swift in Sources */ = {isa = PBXBuildFile; fileRef = D18E323E1C23F9B3003F4D50 /* AppDelegate.swift */; };
		D18E32411C23F9B3003F4D50 /* ViewController.swift in Sources */ = {isa = PBXBuildFile; fileRef = D18E32401C23F9B3003F4D50 /* ViewController.swift */; };
		D18E32441C23F9B3003F4D50 /* Main.storyboard in Resources */ = {isa = PBXBuildFile; fileRef = D18E32421C23F9B3003F4D50 /* Main.storyboard */; };
		D18E32461C23F9B3003F4D50 /* Assets.xcassets in Resources */ = {isa = PBXBuildFile; fileRef = D18E32451C23F9B3003F4D50 /* Assets.xcassets */; };
		D18E32491C23F9B3003F4D50 /* LaunchScreen.storyboard in Resources */ = {isa = PBXBuildFile; fileRef = D18E32471C23F9B3003F4D50 /* LaunchScreen.storyboard */; };
/* End PBXBuildFile section */

/* Begin PBXFileReference section */
		D18E323B1C23F9B3003F4D50 /* WeatherExample.app */ = {isa = PBXFileReference; explicitFileType = wrapper.application; includeInIndex = 0; path = WeatherExample.app; sourceTree = BUILT_PRODUCTS_DIR; };
		D18E323E1C23F9B3003F4D50 /* AppDelegate.swift */ = {isa = PBXFileReference; lastKnownFileType = sourcecode.swift; path = AppDelegate.swift; sourceTree = "<group>"; };
		D18E32401C23F9B3003F4D50 /* ViewController.swift */ = {isa = PBXFileReference; lastKnownFileType = sourcecode.swift; path = ViewController.swift; sourceTree = "<group>"; };
		D18E32431C23F9B3003F4D50 /* Base */ = {isa = PBXFileReference; lastKnownFileType = file.storyboard; name = Base; path = Base.lproj/Main.storyboard; sourceTree = "<group>"; };
		D18E32451C23F9B3003F4D50 /* Assets.xcassets */ = {isa = PBXFileReference; lastKnownFileType = folder.assetcatalog; path = Assets.xcassets; sourceTree = "<group>"; };
		D18E32481C23F9B3003F4D50 /* Base */ = {isa = PBXFileReference; lastKnownFileType = file.storyboard; name = Base; path = Base.lproj/LaunchScreen.storyboard; sourceTree = "<group>"; };
		D18E324A1C23F9B3003F4D50 /* Info.plist */ = {isa = PBXFileReference; lastKnownFileType = text.plist.xml; path = Info.plist; sourceTree = "<group>"; };
/* End PBXFileReference section */

/* Begin PBXFrameworksBuildPhase section */
		D18E32381C23F9B3003F4D50 /* Frameworks */ = {
			isa = PBXFrameworksBuildPhase;
			buildActionMask = 2147483647;
			files = (
			);
			runOnlyForDeploymentPostprocessing = 0;
		};
/* End PBXFrameworksBuildPhase section */

/* Begin PBXGroup section */
		D18E32321C23F9B3003F4D50 = {
			isa = PBXGroup;
			children = (
				D18E323D1C23F9B3003F4D50 /* WeatherExample */,
				D18E323C1C23F9B3003F4D50 /* Products */,
			);
			sourceTree = "<group>";
		};
		D18E323C1C23F9B3003F4D50 /* Products */ = {
			isa = PBXGroup;
			children = (
				D18E323B1C23F9B3003F4D50 /* WeatherExample.app */,
			);
			name = Products;
			sourceTree = "<group>";
		};
		D18E323D1C23F9B3003F4D50 /* WeatherExample */ = {
			isa = PBXGroup;
			children = (
				D18E323E1C23F9B3003F4D50 /* AppDelegate.swift */,
				D18E32401C23F9B3003F4D50 /* ViewController.swift */,
				D18E32421C23F9B3003F4D50 /* Main.storyboard */,
				D18E32451C23F9B3003F4D50 /* Assets.xcassets */,
				D18E32471C23F9B3003F4D50 /* LaunchScreen.storyboard */,
				D18E324A1C23F9B3003F4D50 /* Info.plist */,
			);
			path = WeatherExample;
			sourceTree = "<group>";
		};
/* End PBXGroup section */

/* Begin PBXNativeTarget section */
		D18E323A1C23F9B3003F4D50 /* WeatherExample */ = {
			isa = PBXNativeTarget;
			buildConfigurationList = D18E324D1C23F9B3003F4D50 /* Build configuration list for PBXNativeTarget "WeatherExample" */;
			buildPhases = (
				D18E32371C23F9B3003F4D50 /* Sources */,
				D18E32381C23F9B3003F4D50 /* Frameworks */,
				D18E32391C23F9B3003F4D50 /* Resources */,
			);
			buildRules = (
			);
			dependencies = (
			);
			name = WeatherExample;
			productName = WeatherExample;
			productReference = D18E323B1C23F9B3003F4D50 /* WeatherExample.app */;
			productType = "com.apple.product-type.application";
		};
/* End PBXNativeTarget section */

/* Begin PBXProject section */
		D18E32331C23F9B3003F4D50 /* Project object */ = {
			isa = PBXProject;
			attributes = {
				LastSwiftUpdateCheck = 0710;
				LastUpgradeCheck = 0710;
				ORGANIZATIONNAME = "張 景隆";
				TargetAttributes = {
					D18E323A1C23F9B3003F4D50 = {
						CreatedOnToolsVersion = 7.1.1;
					};
				};
			};
			buildConfigurationList = D18E32361C23F9B3003F4D50 /* Build configuration list for PBXProject "WeatherExample" */;
			compatibilityVersion = "Xcode 3.2";
			developmentRegion = English;
			hasScannedForEncodings = 0;
			knownRegions = (
				en,
				Base,
			);
			mainGroup = D18E32321C23F9B3003F4D50;
			productRefGroup = D18E323C1C23F9B3003F4D50 /* Products */;
			projectDirPath = "";
			projectRoot = "";
			targets = (
				D18E323A1C23F9B3003F4D50 /* WeatherExample */,
			);
		};
/* End PBXProject section */

/* Begin PBXResourcesBuildPhase section */
		D18E32391C23F9B3003F4D50 /* Resources */ = {
			isa = PBXResourcesBuildPhase;
			buildActionMask = 2147483647;
			files = (
				D18E32491C23F9B3003F4D50 /* LaunchScreen.storyboard in Resources */,
				D18E32461C23F9B3003F4D50 /* Assets.xcassets in Resources */,
				D18E32441C23F9B3003F4D50 /* Main.storyboard in Resources */,
			);
			runOnlyForDeploymentPostprocessing = 0;
		};
/* End PBXResourcesBuildPhase section */

/* Begin PBXSourcesBuildPhase section */
		D18E32371C23F9B3003F4D50 /* Sources */ = {
			isa = PBXSourcesBuildPhase;
			buildActionMask = 2147483647;
			files = (
				D18E32411C23F9B3003F4D50 /* ViewController.swift in Sources */,
				D18E323F1C23F9B3003F4D50 /* AppDelegate.swift in Sources */,
			);
			runOnlyForDeploymentPostprocessing = 0;
		};
/* End PBXSourcesBuildPhase section */

/* Begin PBXVariantGroup section */
		D18E32421C23F9B3003F4D50 /* Main.storyboard */ = {
			isa = PBXVariantGroup;
			children = (
				D18E32431C23F9B3003F4D50 /* Base */,
			);
			name = Main.storyboard;
			sourceTree = "<group>";
		};
		D18E32471C23F9B3003F4D50 /* LaunchScreen.storyboard */ = {
			isa = PBXVariantGroup;
			children = (
				D18E32481C23F9B3003F4D50 /* Base */,
			);
			name = LaunchScreen.storyboard;
			sourceTree = "<group>";
		};
/* End PBXVariantGroup section */

/* Begin XCBuildConfiguration section */
		D18E324B1C23F9B3003F4D50 /* Debug */ = {
			isa = XCBuildConfiguration;
			buildSettings = {
				ALWAYS_SEARCH_USER_PATHS = NO;
				CLANG_CXX_LANGUAGE_STANDARD = "gnu++0x";
				CLANG_CXX_LIBRARY = "libc++";
				CLANG_ENABLE_MODULES = YES;
				CLANG_ENABLE_OBJC_ARC = YES;
				CLANG_WARN_BOOL_CONVERSION = YES;
				CLANG_WARN_CONSTANT_CONVERSION = YES;
				CLANG_WARN_DIRECT_OBJC_ISA_USAGE = YES_ERROR;
				CLANG_WARN_EMPTY_BODY = YES;
				CLANG_WARN_ENUM_CONVERSION = YES;
				CLANG_WARN_INT_CONVERSION = YES;
				CLANG_WARN_OBJC_ROOT_CLASS = YES_ERROR;
				CLANG_WARN_UNREACHABLE_CODE = YES;
				CLANG_WARN__DUPLICATE_METHOD_MATCH = YES;
				"CODE_SIGN_IDENTITY[sdk=iphoneos*]" = "iPhone Developer";
				COPY_PHASE_STRIP = NO;
				DEBUG_INFORMATION_FORMAT = dwarf;
				ENABLE_STRICT_OBJC_MSGSEND = YES;
				ENABLE_TESTABILITY = YES;
				GCC_C_LANGUAGE_STANDARD = gnu99;
				GCC_DYNAMIC_NO_PIC = NO;
				GCC_NO_COMMON_BLOCKS = YES;
				GCC_OPTIMIZATION_LEVEL = 0;
				GCC_PREPROCESSOR_DEFINITIONS = (
					"DEBUG=1",
					"$(inherited)",
				);
				GCC_WARN_64_TO_32_BIT_CONVERSION = YES;
				GCC_WARN_ABOUT_RETURN_TYPE = YES_ERROR;
				GCC_WARN_UNDECLARED_SELECTOR = YES;
				GCC_WARN_UNINITIALIZED_AUTOS = YES_AGGRESSIVE;
				GCC_WARN_UNUSED_FUNCTION = YES;
				GCC_WARN_UNUSED_VARIABLE = YES;
				IPHONEOS_DEPLOYMENT_TARGET = 9.1;
				MTL_ENABLE_DEBUG_INFO = YES;
				ONLY_ACTIVE_ARCH = YES;
				SDKROOT = iphoneos;
				SWIFT_OPTIMIZATION_LEVEL = "-Onone";
			};
			name = Debug;
		};
		D18E324C1C23F9B3003F4D50 /* Release */ = {
			isa = XCBuildConfiguration;
			buildSettings = {
				ALWAYS_SEARCH_USER_PATHS = NO;
				CLANG_CXX_LANGUAGE_STANDARD = "gnu++0x";
				CLANG_CXX_LIBRARY = "libc++";
				CLANG_ENABLE_MODULES = YES;
				CLANG_ENABLE_OBJC_ARC = YES;
				CLANG_WARN_BOOL_CONVERSION = YES;
				CLANG_WARN_CONSTANT_CONVERSION = YES;
				CLANG_WARN_DIRECT_OBJC_ISA_USAGE = YES_ERROR;
				CLANG_WARN_EMPTY_BODY = YES;
				CLANG_WARN_ENUM_CONVERSION = YES;
				CLANG_WARN_INT_CONVERSION = YES;
				CLANG_WARN_OBJC_ROOT_CLASS = YES_ERROR;
				CLANG_WARN_UNREACHABLE_CODE = YES;
				CLANG_WARN__DUPLICATE_METHOD_MATCH = YES;
				"CODE_SIGN_IDENTITY[sdk=iphoneos*]" = "iPhone Developer";
				COPY_PHASE_STRIP = NO;
				DEBUG_INFORMATION_FORMAT = "dwarf-with-dsym";
				ENABLE_NS_ASSERTIONS = NO;
				ENABLE_STRICT_OBJC_MSGSEND = YES;
				GCC_C_LANGUAGE_STANDARD = gnu99;
				GCC_NO_COMMON_BLOCKS = YES;
				GCC_WARN_64_TO_32_BIT_CONVERSION = YES;
				GCC_WARN_ABOUT_RETURN_TYPE = YES_ERROR;
				GCC_WARN_UNDECLARED_SELECTOR = YES;
				GCC_WARN_UNINITIALIZED_AUTOS = YES_AGGRESSIVE;
				GCC_WARN_UNUSED_FUNCTION = YES;
				GCC_WARN_UNUSED_VARIABLE = YES;
				IPHONEOS_DEPLOYMENT_TARGET = 9.1;
				MTL_ENABLE_DEBUG_INFO = NO;
				SDKROOT = iphoneos;
				VALIDATE_PRODUCT = YES;
			};
			name = Release;
		};
		D18E324E1C23F9B3003F4D50 /* Debug */ = {
			isa = XCBuildConfiguration;
			buildSettings = {
				ASSETCATALOG_COMPILER_APPICON_NAME = AppIcon;
				INFOPLIST_FILE = WeatherExample/Info.plist;
				LD_RUNPATH_SEARCH_PATHS = "$(inherited) @executable_path/Frameworks";
				PRODUCT_BUNDLE_IDENTIFIER = org.hackntu.WeatherExample;
				PRODUCT_NAME = "$(TARGET_NAME)";
			};
			name = Debug;
		};
		D18E324F1C23F9B3003F4D50 /* Release */ = {
			isa = XCBuildConfiguration;
			buildSettings = {
				ASSETCATALOG_COMPILER_APPICON_NAME = AppIcon;
				INFOPLIST_FILE = WeatherExample/Info.plist;
				LD_RUNPATH_SEARCH_PATHS = "$(inherited) @executable_path/Frameworks";
				PRODUCT_BUNDLE_IDENTIFIER = org.hackntu.WeatherExample;
				PRODUCT_NAME = "$(TARGET_NAME)";
			};
			name = Release;
		};
/* End XCBuildConfiguration section */

/* Begin XCConfigurationList section */
		D18E32361C23F9B3003F4D50 /* Build configuration list for PBXProject "WeatherExample" */ = {
			isa = XCConfigurationList;
			buildConfigurations = (
				D18E324B1C23F9B3003F4D50 /* Debug */,
				D18E324C1C23F9B3003F4D50 /* Release */,
			);
			defaultConfigurationIsVisible = 0;
			defaultConfigurationName = Release;
		};
		D18E324D1C23F9B3003F4D50 /* Build configuration list for PBXNativeTarget "WeatherExample" */ = {
			isa = XCConfigurationList;
			buildConfigurations = (
				D18E324E1C23F9B3003F4D50 /* Debug */,
				D18E324F1C23F9B3003F4D50 /* Release */,
			);
			defaultConfigurationIsVisible = 0;
		};
/* End XCConfigurationList section */
	};
	rootObject = D18E32331C23F9B3003F4D50 /* Project object */;
}
