// !$*UTF8*$!
{
	archiveVersion = 1;
	classes = {
	};
	objectVersion = 46;
	objects = {

/* Begin PBXBuildFile section */
		D1AAB28F1C1529BB009658FF /* AppDelegate.swift in Sources */ = {isa = PBXBuildFile; fileRef = D1AAB28E1C1529BB009658FF /* AppDelegate.swift */; };
		D1AAB2911C1529BB009658FF /* ViewController.swift in Sources */ = {isa = PBXBuildFile; fileRef = D1AAB2901C1529BB009658FF /* ViewController.swift */; };
		D1AAB2941C1529BB009658FF /* Main.storyboard in Resources */ = {isa = PBXBuildFile; fileRef = D1AAB2921C1529BB009658FF /* Main.storyboard */; };
		D1AAB2961C1529BB009658FF /* Assets.xcassets in Resources */ = {isa = PBXBuildFile; fileRef = D1AAB2951C1529BB009658FF /* Assets.xcassets */; };
		D1AAB2991C1529BB009658FF /* LaunchScreen.storyboard in Resources */ = {isa = PBXBuildFile; fileRef = D1AAB2971C1529BB009658FF /* LaunchScreen.storyboard */; };
/* End PBXBuildFile section */

/* Begin PBXFileReference section */
		D1AAB28B1C1529BB009658FF /* SimpleVideo.app */ = {isa = PBXFileReference; explicitFileType = wrapper.application; includeInIndex = 0; path = SimpleVideo.app; sourceTree = BUILT_PRODUCTS_DIR; };
		D1AAB28E1C1529BB009658FF /* AppDelegate.swift */ = {isa = PBXFileReference; lastKnownFileType = sourcecode.swift; path = AppDelegate.swift; sourceTree = "<group>"; };
		D1AAB2901C1529BB009658FF /* ViewController.swift */ = {isa = PBXFileReference; lastKnownFileType = sourcecode.swift; path = ViewController.swift; sourceTree = "<group>"; };
		D1AAB2931C1529BB009658FF /* Base */ = {isa = PBXFileReference; lastKnownFileType = file.storyboard; name = Base; path = Base.lproj/Main.storyboard; sourceTree = "<group>"; };
		D1AAB2951C1529BB009658FF /* Assets.xcassets */ = {isa = PBXFileReference; lastKnownFileType = folder.assetcatalog; path = Assets.xcassets; sourceTree = "<group>"; };
		D1AAB2981C1529BB009658FF /* Base */ = {isa = PBXFileReference; lastKnownFileType = file.storyboard; name = Base; path = Base.lproj/LaunchScreen.storyboard; sourceTree = "<group>"; };
		D1AAB29A1C1529BB009658FF /* Info.plist */ = {isa = PBXFileReference; lastKnownFileType = text.plist.xml; path = Info.plist; sourceTree = "<group>"; };
/* End PBXFileReference section */

/* Begin PBXFrameworksBuildPhase section */
		D1AAB2881C1529BB009658FF /* Frameworks */ = {
			isa = PBXFrameworksBuildPhase;
			buildActionMask = 2147483647;
			files = (
			);
			runOnlyForDeploymentPostprocessing = 0;
		};
/* End PBXFrameworksBuildPhase section */

/* Begin PBXGroup section */
		D1AAB2821C1529BB009658FF = {
			isa = PBXGroup;
			children = (
				D1AAB28D1C1529BB009658FF /* SimpleVideo */,
				D1AAB28C1C1529BB009658FF /* Products */,
			);
			sourceTree = "<group>";
		};
		D1AAB28C1C1529BB009658FF /* Products */ = {
			isa = PBXGroup;
			children = (
				D1AAB28B1C1529BB009658FF /* SimpleVideo.app */,
			);
			name = Products;
			sourceTree = "<group>";
		};
		D1AAB28D1C1529BB009658FF /* SimpleVideo */ = {
			isa = PBXGroup;
			children = (
				D1AAB28E1C1529BB009658FF /* AppDelegate.swift */,
				D1AAB2901C1529BB009658FF /* ViewController.swift */,
				D1AAB2921C1529BB009658FF /* Main.storyboard */,
				D1AAB2951C1529BB009658FF /* Assets.xcassets */,
				D1AAB2971C1529BB009658FF /* LaunchScreen.storyboard */,
				D1AAB29A1C1529BB009658FF /* Info.plist */,
			);
			path = SimpleVideo;
			sourceTree = "<group>";
		};
/* End PBXGroup section */

/* Begin PBXNativeTarget section */
		D1AAB28A1C1529BB009658FF /* SimpleVideo */ = {
			isa = PBXNativeTarget;
			buildConfigurationList = D1AAB29D1C1529BB009658FF /* Build configuration list for PBXNativeTarget "SimpleVideo" */;
			buildPhases = (
				D1AAB2871C1529BB009658FF /* Sources */,
				D1AAB2881C1529BB009658FF /* Frameworks */,
				D1AAB2891C1529BB009658FF /* Resources */,
			);
			buildRules = (
			);
			dependencies = (
			);
			name = SimpleVideo;
			productName = SimpleVideo;
			productReference = D1AAB28B1C1529BB009658FF /* SimpleVideo.app */;
			productType = "com.apple.product-type.application";
		};
/* End PBXNativeTarget section */

/* Begin PBXProject section */
		D1AAB2831C1529BB009658FF /* Project object */ = {
			isa = PBXProject;
			attributes = {
				LastSwiftUpdateCheck = 0710;
				LastUpgradeCheck = 0710;
				ORGANIZATIONNAME = "張 景隆";
				TargetAttributes = {
					D1AAB28A1C1529BB009658FF = {
						CreatedOnToolsVersion = 7.1.1;
					};
				};
			};
			buildConfigurationList = D1AAB2861C1529BB009658FF /* Build configuration list for PBXProject "SimpleVideo" */;
			compatibilityVersion = "Xcode 3.2";
			developmentRegion = English;
			hasScannedForEncodings = 0;
			knownRegions = (
				en,
				Base,
			);
			mainGroup = D1AAB2821C1529BB009658FF;
			productRefGroup = D1AAB28C1C1529BB009658FF /* Products */;
			projectDirPath = "";
			projectRoot = "";
			targets = (
				D1AAB28A1C1529BB009658FF /* SimpleVideo */,
			);
		};
/* End PBXProject section */

/* Begin PBXResourcesBuildPhase section */
		D1AAB2891C1529BB009658FF /* Resources */ = {
			isa = PBXResourcesBuildPhase;
			buildActionMask = 2147483647;
			files = (
				D1AAB2991C1529BB009658FF /* LaunchScreen.storyboard in Resources */,
				D1AAB2961C1529BB009658FF /* Assets.xcassets in Resources */,
				D1AAB2941C1529BB009658FF /* Main.storyboard in Resources */,
			);
			runOnlyForDeploymentPostprocessing = 0;
		};
/* End PBXResourcesBuildPhase section */

/* Begin PBXSourcesBuildPhase section */
		D1AAB2871C1529BB009658FF /* Sources */ = {
			isa = PBXSourcesBuildPhase;
			buildActionMask = 2147483647;
			files = (
				D1AAB2911C1529BB009658FF /* ViewController.swift in Sources */,
				D1AAB28F1C1529BB009658FF /* AppDelegate.swift in Sources */,
			);
			runOnlyForDeploymentPostprocessing = 0;
		};
/* End PBXSourcesBuildPhase section */

/* Begin PBXVariantGroup section */
		D1AAB2921C1529BB009658FF /* Main.storyboard */ = {
			isa = PBXVariantGroup;
			children = (
				D1AAB2931C1529BB009658FF /* Base */,
			);
			name = Main.storyboard;
			sourceTree = "<group>";
		};
		D1AAB2971C1529BB009658FF /* LaunchScreen.storyboard */ = {
			isa = PBXVariantGroup;
			children = (
				D1AAB2981C1529BB009658FF /* Base */,
			);
			name = LaunchScreen.storyboard;
			sourceTree = "<group>";
		};
/* End PBXVariantGroup section */

/* Begin XCBuildConfiguration section */
		D1AAB29B1C1529BB009658FF /* Debug */ = {
			isa = XCBuildConfiguration;
			buildSettings = {
				ALWAYS_SEARCH_USER_PATHS = NO;
				CLANG_CXX_LANGUAGE_STANDARD = "gnu++0x";
				CLANG_CXX_LIBRARY = "libc++";
				CLANG_ENABLE_MODULES = YES;
				CLANG_ENABLE_OBJC_ARC = YES;
				CLANG_WARN_BOOL_CONVERSION = YES;
				CLANG_WARN_CONSTANT_CONVERSION = YES;
				CLANG_WARN_DIRECT_OBJC_ISA_USAGE = YES_ERROR;
				CLANG_WARN_EMPTY_BODY = YES;
				CLANG_WARN_ENUM_CONVERSION = YES;
				CLANG_WARN_INT_CONVERSION = YES;
				CLANG_WARN_OBJC_ROOT_CLASS = YES_ERROR;
				CLANG_WARN_UNREACHABLE_CODE = YES;
				CLANG_WARN__DUPLICATE_METHOD_MATCH = YES;
				"CODE_SIGN_IDENTITY[sdk=iphoneos*]" = "iPhone Developer";
				COPY_PHASE_STRIP = NO;
				DEBUG_INFORMATION_FORMAT = dwarf;
				ENABLE_STRICT_OBJC_MSGSEND = YES;
				ENABLE_TESTABILITY = YES;
				GCC_C_LANGUAGE_STANDARD = gnu99;
				GCC_DYNAMIC_NO_PIC = NO;
				GCC_NO_COMMON_BLOCKS = YES;
				GCC_OPTIMIZATION_LEVEL = 0;
				GCC_PREPROCESSOR_DEFINITIONS = (
					"DEBUG=1",
					"$(inherited)",
				);
				GCC_WARN_64_TO_32_BIT_CONVERSION = YES;
				GCC_WARN_ABOUT_RETURN_TYPE = YES_ERROR;
				GCC_WARN_UNDECLARED_SELECTOR = YES;
				GCC_WARN_UNINITIALIZED_AUTOS = YES_AGGRESSIVE;
				GCC_WARN_UNUSED_FUNCTION = YES;
				GCC_WARN_UNUSED_VARIABLE = YES;
				IPHONEOS_DEPLOYMENT_TARGET = 9.1;
				MTL_ENABLE_DEBUG_INFO = YES;
				ONLY_ACTIVE_ARCH = YES;
				SDKROOT = iphoneos;
				SWIFT_OPTIMIZATION_LEVEL = "-Onone";
			};
			name = Debug;
		};
		D1AAB29C1C1529BB009658FF /* Release */ = {
			isa = XCBuildConfiguration;
			buildSettings = {
				ALWAYS_SEARCH_USER_PATHS = NO;
				CLANG_CXX_LANGUAGE_STANDARD = "gnu++0x";
				CLANG_CXX_LIBRARY = "libc++";
				CLANG_ENABLE_MODULES = YES;
				CLANG_ENABLE_OBJC_ARC = YES;
				CLANG_WARN_BOOL_CONVERSION = YES;
				CLANG_WARN_CONSTANT_CONVERSION = YES;
				CLANG_WARN_DIRECT_OBJC_ISA_USAGE = YES_ERROR;
				CLANG_WARN_EMPTY_BODY = YES;
				CLANG_WARN_ENUM_CONVERSION = YES;
				CLANG_WARN_INT_CONVERSION = YES;
				CLANG_WARN_OBJC_ROOT_CLASS = YES_ERROR;
				CLANG_WARN_UNREACHABLE_CODE = YES;
				CLANG_WARN__DUPLICATE_METHOD_MATCH = YES;
				"CODE_SIGN_IDENTITY[sdk=iphoneos*]" = "iPhone Developer";
				COPY_PHASE_STRIP = NO;
				DEBUG_INFORMATION_FORMAT = "dwarf-with-dsym";
				ENABLE_NS_ASSERTIONS = NO;
				ENABLE_STRICT_OBJC_MSGSEND = YES;
				GCC_C_LANGUAGE_STANDARD = gnu99;
				GCC_NO_COMMON_BLOCKS = YES;
				GCC_WARN_64_TO_32_BIT_CONVERSION = YES;
				GCC_WARN_ABOUT_RETURN_TYPE = YES_ERROR;
				GCC_WARN_UNDECLARED_SELECTOR = YES;
				GCC_WARN_UNINITIALIZED_AUTOS = YES_AGGRESSIVE;
				GCC_WARN_UNUSED_FUNCTION = YES;
				GCC_WARN_UNUSED_VARIABLE = YES;
				IPHONEOS_DEPLOYMENT_TARGET = 9.1;
				MTL_ENABLE_DEBUG_INFO = NO;
				SDKROOT = iphoneos;
				VALIDATE_PRODUCT = YES;
			};
			name = Release;
		};
		D1AAB29E1C1529BB009658FF /* Debug */ = {
			isa = XCBuildConfiguration;
			buildSettings = {
				ASSETCATALOG_COMPILER_APPICON_NAME = AppIcon;
				INFOPLIST_FILE = SimpleVideo/Info.plist;
				LD_RUNPATH_SEARCH_PATHS = "$(inherited) @executable_path/Frameworks";
				PRODUCT_BUNDLE_IDENTIFIER = com.anvapp.SimpleVideo;
				PRODUCT_NAME = "$(TARGET_NAME)";
			};
			name = Debug;
		};
		D1AAB29F1C1529BB009658FF /* Release */ = {
			isa = XCBuildConfiguration;
			buildSettings = {
				ASSETCATALOG_COMPILER_APPICON_NAME = AppIcon;
				INFOPLIST_FILE = SimpleVideo/Info.plist;
				LD_RUNPATH_SEARCH_PATHS = "$(inherited) @executable_path/Frameworks";
				PRODUCT_BUNDLE_IDENTIFIER = com.anvapp.SimpleVideo;
				PRODUCT_NAME = "$(TARGET_NAME)";
			};
			name = Release;
		};
/* End XCBuildConfiguration section */

/* Begin XCConfigurationList section */
		D1AAB2861C1529BB009658FF /* Build configuration list for PBXProject "SimpleVideo" */ = {
			isa = XCConfigurationList;
			buildConfigurations = (
				D1AAB29B1C1529BB009658FF /* Debug */,
				D1AAB29C1C1529BB009658FF /* Release */,
			);
			defaultConfigurationIsVisible = 0;
			defaultConfigurationName = Release;
		};
		D1AAB29D1C1529BB009658FF /* Build configuration list for PBXNativeTarget "SimpleVideo" */ = {
			isa = XCConfigurationList;
			buildConfigurations = (
				D1AAB29E1C1529BB009658FF /* Debug */,
				D1AAB29F1C1529BB009658FF /* Release */,
			);
			defaultConfigurationIsVisible = 0;
		};
/* End XCConfigurationList section */
	};
	rootObject = D1AAB2831C1529BB009658FF /* Project object */;
}
