// !$*UTF8*$!
{
	archiveVersion = 1;
	classes = {
	};
	objectVersion = 46;
	objects = {

/* Begin PBXBuildFile section */
		D114B3351C0BF08E003651AF /* AppDelegate.swift in Sources */ = {isa = PBXBuildFile; fileRef = D114B3341C0BF08E003651AF /* AppDelegate.swift */; };
		D114B3371C0BF08E003651AF /* ViewController.swift in Sources */ = {isa = PBXBuildFile; fileRef = D114B3361C0BF08E003651AF /* ViewController.swift */; };
		D114B33A1C0BF08E003651AF /* Main.storyboard in Resources */ = {isa = PBXBuildFile; fileRef = D114B3381C0BF08E003651AF /* Main.storyboard */; };
		D114B33C1C0BF08E003651AF /* Assets.xcassets in Resources */ = {isa = PBXBuildFile; fileRef = D114B33B1C0BF08E003651AF /* Assets.xcassets */; };
		D114B33F1C0BF08E003651AF /* LaunchScreen.storyboard in Resources */ = {isa = PBXBuildFile; fileRef = D114B33D1C0BF08E003651AF /* LaunchScreen.storyboard */; };
		D114B3471C0BF0DC003651AF /* MapKit.framework in Frameworks */ = {isa = PBXBuildFile; fileRef = D114B3461C0BF0DC003651AF /* MapKit.framework */; };
		D114B3491C0C3981003651AF /* 台北車站.gpx in Resources */ = {isa = PBXBuildFile; fileRef = D114B3481C0C3981003651AF /* 台北車站.gpx */; };
		D114B34B1C0C39A2003651AF /* 台大.gpx in Resources */ = {isa = PBXBuildFile; fileRef = D114B34A1C0C39A2003651AF /* 台大.gpx */; };
/* End PBXBuildFile section */

/* Begin PBXFileReference section */
		D114B3311C0BF08E003651AF /* SimpleMap.app */ = {isa = PBXFileReference; explicitFileType = wrapper.application; includeInIndex = 0; path = SimpleMap.app; sourceTree = BUILT_PRODUCTS_DIR; };
		D114B3341C0BF08E003651AF /* AppDelegate.swift */ = {isa = PBXFileReference; lastKnownFileType = sourcecode.swift; path = AppDelegate.swift; sourceTree = "<group>"; };
		D114B3361C0BF08E003651AF /* ViewController.swift */ = {isa = PBXFileReference; lastKnownFileType = sourcecode.swift; path = ViewController.swift; sourceTree = "<group>"; };
		D114B3391C0BF08E003651AF /* Base */ = {isa = PBXFileReference; lastKnownFileType = file.storyboard; name = Base; path = Base.lproj/Main.storyboard; sourceTree = "<group>"; };
		D114B33B1C0BF08E003651AF /* Assets.xcassets */ = {isa = PBXFileReference; lastKnownFileType = folder.assetcatalog; path = Assets.xcassets; sourceTree = "<group>"; };
		D114B33E1C0BF08E003651AF /* Base */ = {isa = PBXFileReference; lastKnownFileType = file.storyboard; name = Base; path = Base.lproj/LaunchScreen.storyboard; sourceTree = "<group>"; };
		D114B3401C0BF08E003651AF /* Info.plist */ = {isa = PBXFileReference; lastKnownFileType = text.plist.xml; path = Info.plist; sourceTree = "<group>"; };
		D114B3461C0BF0DC003651AF /* MapKit.framework */ = {isa = PBXFileReference; lastKnownFileType = wrapper.framework; name = MapKit.framework; path = System/Library/Frameworks/MapKit.framework; sourceTree = SDKROOT; };
		D114B3481C0C3981003651AF /* 台北車站.gpx */ = {isa = PBXFileReference; fileEncoding = 4; lastKnownFileType = text.xml; path = "台北車站.gpx"; sourceTree = "<group>"; };
		D114B34A1C0C39A2003651AF /* 台大.gpx */ = {isa = PBXFileReference; fileEncoding = 4; lastKnownFileType = text.xml; path = "台大.gpx"; sourceTree = "<group>"; };
/* End PBXFileReference section */

/* Begin PBXFrameworksBuildPhase section */
		D114B32E1C0BF08E003651AF /* Frameworks */ = {
			isa = PBXFrameworksBuildPhase;
			buildActionMask = 2147483647;
			files = (
				D114B3471C0BF0DC003651AF /* MapKit.framework in Frameworks */,
			);
			runOnlyForDeploymentPostprocessing = 0;
		};
/* End PBXFrameworksBuildPhase section */

/* Begin PBXGroup section */
		D114B3281C0BF08E003651AF = {
			isa = PBXGroup;
			children = (
				D114B34A1C0C39A2003651AF /* 台大.gpx */,
				D114B3481C0C3981003651AF /* 台北車站.gpx */,
				D114B3461C0BF0DC003651AF /* MapKit.framework */,
				D114B3331C0BF08E003651AF /* SimpleMap */,
				D114B3321C0BF08E003651AF /* Products */,
			);
			sourceTree = "<group>";
		};
		D114B3321C0BF08E003651AF /* Products */ = {
			isa = PBXGroup;
			children = (
				D114B3311C0BF08E003651AF /* SimpleMap.app */,
			);
			name = Products;
			sourceTree = "<group>";
		};
		D114B3331C0BF08E003651AF /* SimpleMap */ = {
			isa = PBXGroup;
			children = (
				D114B3341C0BF08E003651AF /* AppDelegate.swift */,
				D114B3361C0BF08E003651AF /* ViewController.swift */,
				D114B3381C0BF08E003651AF /* Main.storyboard */,
				D114B33B1C0BF08E003651AF /* Assets.xcassets */,
				D114B33D1C0BF08E003651AF /* LaunchScreen.storyboard */,
				D114B3401C0BF08E003651AF /* Info.plist */,
			);
			path = SimpleMap;
			sourceTree = "<group>";
		};
/* End PBXGroup section */

/* Begin PBXNativeTarget section */
		D114B3301C0BF08E003651AF /* SimpleMap */ = {
			isa = PBXNativeTarget;
			buildConfigurationList = D114B3431C0BF08E003651AF /* Build configuration list for PBXNativeTarget "SimpleMap" */;
			buildPhases = (
				D114B32D1C0BF08E003651AF /* Sources */,
				D114B32E1C0BF08E003651AF /* Frameworks */,
				D114B32F1C0BF08E003651AF /* Resources */,
			);
			buildRules = (
			);
			dependencies = (
			);
			name = SimpleMap;
			productName = SimpleMap;
			productReference = D114B3311C0BF08E003651AF /* SimpleMap.app */;
			productType = "com.apple.product-type.application";
		};
/* End PBXNativeTarget section */

/* Begin PBXProject section */
		D114B3291C0BF08E003651AF /* Project object */ = {
			isa = PBXProject;
			attributes = {
				LastSwiftUpdateCheck = 0710;
				LastUpgradeCheck = 0710;
				ORGANIZATIONNAME = "張 景隆";
				TargetAttributes = {
					D114B3301C0BF08E003651AF = {
						CreatedOnToolsVersion = 7.1.1;
					};
				};
			};
			buildConfigurationList = D114B32C1C0BF08E003651AF /* Build configuration list for PBXProject "SimpleMap" */;
			compatibilityVersion = "Xcode 3.2";
			developmentRegion = English;
			hasScannedForEncodings = 0;
			knownRegions = (
				en,
				Base,
			);
			mainGroup = D114B3281C0BF08E003651AF;
			productRefGroup = D114B3321C0BF08E003651AF /* Products */;
			projectDirPath = "";
			projectRoot = "";
			targets = (
				D114B3301C0BF08E003651AF /* SimpleMap */,
			);
		};
/* End PBXProject section */

/* Begin PBXResourcesBuildPhase section */
		D114B32F1C0BF08E003651AF /* Resources */ = {
			isa = PBXResourcesBuildPhase;
			buildActionMask = 2147483647;
			files = (
				D114B34B1C0C39A2003651AF /* 台大.gpx in Resources */,
				D114B33F1C0BF08E003651AF /* LaunchScreen.storyboard in Resources */,
				D114B33C1C0BF08E003651AF /* Assets.xcassets in Resources */,
				D114B33A1C0BF08E003651AF /* Main.storyboard in Resources */,
				D114B3491C0C3981003651AF /* 台北車站.gpx in Resources */,
			);
			runOnlyForDeploymentPostprocessing = 0;
		};
/* End PBXResourcesBuildPhase section */

/* Begin PBXSourcesBuildPhase section */
		D114B32D1C0BF08E003651AF /* Sources */ = {
			isa = PBXSourcesBuildPhase;
			buildActionMask = 2147483647;
			files = (
				D114B3371C0BF08E003651AF /* ViewController.swift in Sources */,
				D114B3351C0BF08E003651AF /* AppDelegate.swift in Sources */,
			);
			runOnlyForDeploymentPostprocessing = 0;
		};
/* End PBXSourcesBuildPhase section */

/* Begin PBXVariantGroup section */
		D114B3381C0BF08E003651AF /* Main.storyboard */ = {
			isa = PBXVariantGroup;
			children = (
				D114B3391C0BF08E003651AF /* Base */,
			);
			name = Main.storyboard;
			sourceTree = "<group>";
		};
		D114B33D1C0BF08E003651AF /* LaunchScreen.storyboard */ = {
			isa = PBXVariantGroup;
			children = (
				D114B33E1C0BF08E003651AF /* Base */,
			);
			name = LaunchScreen.storyboard;
			sourceTree = "<group>";
		};
/* End PBXVariantGroup section */

/* Begin XCBuildConfiguration section */
		D114B3411C0BF08E003651AF /* Debug */ = {
			isa = XCBuildConfiguration;
			buildSettings = {
				ALWAYS_SEARCH_USER_PATHS = NO;
				CLANG_CXX_LANGUAGE_STANDARD = "gnu++0x";
				CLANG_CXX_LIBRARY = "libc++";
				CLANG_ENABLE_MODULES = YES;
				CLANG_ENABLE_OBJC_ARC = YES;
				CLANG_WARN_BOOL_CONVERSION = YES;
				CLANG_WARN_CONSTANT_CONVERSION = YES;
				CLANG_WARN_DIRECT_OBJC_ISA_USAGE = YES_ERROR;
				CLANG_WARN_EMPTY_BODY = YES;
				CLANG_WARN_ENUM_CONVERSION = YES;
				CLANG_WARN_INT_CONVERSION = YES;
				CLANG_WARN_OBJC_ROOT_CLASS = YES_ERROR;
				CLANG_WARN_UNREACHABLE_CODE = YES;
				CLANG_WARN__DUPLICATE_METHOD_MATCH = YES;
				"CODE_SIGN_IDENTITY[sdk=iphoneos*]" = "iPhone Developer";
				COPY_PHASE_STRIP = NO;
				DEBUG_INFORMATION_FORMAT = dwarf;
				ENABLE_STRICT_OBJC_MSGSEND = YES;
				ENABLE_TESTABILITY = YES;
				GCC_C_LANGUAGE_STANDARD = gnu99;
				GCC_DYNAMIC_NO_PIC = NO;
				GCC_NO_COMMON_BLOCKS = YES;
				GCC_OPTIMIZATION_LEVEL = 0;
				GCC_PREPROCESSOR_DEFINITIONS = (
					"DEBUG=1",
					"$(inherited)",
				);
				GCC_WARN_64_TO_32_BIT_CONVERSION = YES;
				GCC_WARN_ABOUT_RETURN_TYPE = YES_ERROR;
				GCC_WARN_UNDECLARED_SELECTOR = YES;
				GCC_WARN_UNINITIALIZED_AUTOS = YES_AGGRESSIVE;
				GCC_WARN_UNUSED_FUNCTION = YES;
				GCC_WARN_UNUSED_VARIABLE = YES;
				IPHONEOS_DEPLOYMENT_TARGET = 9.1;
				MTL_ENABLE_DEBUG_INFO = YES;
				ONLY_ACTIVE_ARCH = YES;
				SDKROOT = iphoneos;
				SWIFT_OPTIMIZATION_LEVEL = "-Onone";
			};
			name = Debug;
		};
		D114B3421C0BF08E003651AF /* Release */ = {
			isa = XCBuildConfiguration;
			buildSettings = {
				ALWAYS_SEARCH_USER_PATHS = NO;
				CLANG_CXX_LANGUAGE_STANDARD = "gnu++0x";
				CLANG_CXX_LIBRARY = "libc++";
				CLANG_ENABLE_MODULES = YES;
				CLANG_ENABLE_OBJC_ARC = YES;
				CLANG_WARN_BOOL_CONVERSION = YES;
				CLANG_WARN_CONSTANT_CONVERSION = YES;
				CLANG_WARN_DIRECT_OBJC_ISA_USAGE = YES_ERROR;
				CLANG_WARN_EMPTY_BODY = YES;
				CLANG_WARN_ENUM_CONVERSION = YES;
				CLANG_WARN_INT_CONVERSION = YES;
				CLANG_WARN_OBJC_ROOT_CLASS = YES_ERROR;
				CLANG_WARN_UNREACHABLE_CODE = YES;
				CLANG_WARN__DUPLICATE_METHOD_MATCH = YES;
				"CODE_SIGN_IDENTITY[sdk=iphoneos*]" = "iPhone Developer";
				COPY_PHASE_STRIP = NO;
				DEBUG_INFORMATION_FORMAT = "dwarf-with-dsym";
				ENABLE_NS_ASSERTIONS = NO;
				ENABLE_STRICT_OBJC_MSGSEND = YES;
				GCC_C_LANGUAGE_STANDARD = gnu99;
				GCC_NO_COMMON_BLOCKS = YES;
				GCC_WARN_64_TO_32_BIT_CONVERSION = YES;
				GCC_WARN_ABOUT_RETURN_TYPE = YES_ERROR;
				GCC_WARN_UNDECLARED_SELECTOR = YES;
				GCC_WARN_UNINITIALIZED_AUTOS = YES_AGGRESSIVE;
				GCC_WARN_UNUSED_FUNCTION = YES;
				GCC_WARN_UNUSED_VARIABLE = YES;
				IPHONEOS_DEPLOYMENT_TARGET = 9.1;
				MTL_ENABLE_DEBUG_INFO = NO;
				SDKROOT = iphoneos;
				VALIDATE_PRODUCT = YES;
			};
			name = Release;
		};
		D114B3441C0BF08E003651AF /* Debug */ = {
			isa = XCBuildConfiguration;
			buildSettings = {
				ASSETCATALOG_COMPILER_APPICON_NAME = AppIcon;
				INFOPLIST_FILE = SimpleMap/Info.plist;
				LD_RUNPATH_SEARCH_PATHS = "$(inherited) @executable_path/Frameworks";
				PRODUCT_BUNDLE_IDENTIFIER = com.anvapp.SimpleMap;
				PRODUCT_NAME = "$(TARGET_NAME)";
			};
			name = Debug;
		};
		D114B3451C0BF08E003651AF /* Release */ = {
			isa = XCBuildConfiguration;
			buildSettings = {
				ASSETCATALOG_COMPILER_APPICON_NAME = AppIcon;
				INFOPLIST_FILE = SimpleMap/Info.plist;
				LD_RUNPATH_SEARCH_PATHS = "$(inherited) @executable_path/Frameworks";
				PRODUCT_BUNDLE_IDENTIFIER = com.anvapp.SimpleMap;
				PRODUCT_NAME = "$(TARGET_NAME)";
			};
			name = Release;
		};
/* End XCBuildConfiguration section */

/* Begin XCConfigurationList section */
		D114B32C1C0BF08E003651AF /* Build configuration list for PBXProject "SimpleMap" */ = {
			isa = XCConfigurationList;
			buildConfigurations = (
				D114B3411C0BF08E003651AF /* Debug */,
				D114B3421C0BF08E003651AF /* Release */,
			);
			defaultConfigurationIsVisible = 0;
			defaultConfigurationName = Release;
		};
		D114B3431C0BF08E003651AF /* Build configuration list for PBXNativeTarget "SimpleMap" */ = {
			isa = XCConfigurationList;
			buildConfigurations = (
				D114B3441C0BF08E003651AF /* Debug */,
				D114B3451C0BF08E003651AF /* Release */,
			);
			defaultConfigurationIsVisible = 0;
			defaultConfigurationName = Release;
		};
/* End XCConfigurationList section */
	};
	rootObject = D114B3291C0BF08E003651AF /* Project object */;
}
